
Microsoft Visual Studio Solution File, Format Version 12.00
# Visual Studio Version 17
VisualStudioVersion = 17.5.002.0
MinimumVisualStudioVersion = 10.0.40219.1
Project("{9A19103F-16F7-4668-BE54-9A1E7A4F7556}") = "AppointmentManagementSystem", "AppointmentManagementSystem\AppointmentManagementSystem.csproj", "{4E735AA3-F913-44AA-B9F1-65FD82483437}"
EndProject
Project("{FAE04EC0-301F-11D3-BF4B-00C04F79EFBC}") = "AppointmentManagementSystem.Tests", "AppointmentManagementSystem.Tests\AppointmentManagementSystem.Tests.csproj", "{BD4EA255-9B2F-46DF-A558-7BE352314F63}"
EndProject
Global
	GlobalSection(SolutionConfigurationPlatforms) = preSolution
		Debug|Any CPU = Debug|Any CPU
		Release|Any CPU = Release|Any CPU
	EndGlobalSection
	GlobalSection(ProjectConfigurationPlatforms) = postSolution
		{4E735AA3-F913-44AA-B9F1-65FD82483437}.Debug|Any CPU.ActiveCfg = Debug|Any CPU
		{4E735AA3-F913-44AA-B9F1-65FD82483437}.Debug|Any CPU.Build.0 = Debug|Any CPU
		{4E735AA3-F913-44AA-B9F1-65FD82483437}.Release|Any CPU.ActiveCfg = Release|Any CPU
		{4E735AA3-F913-44AA-B9F1-65FD82483437}.Release|Any CPU.Build.0 = Release|Any CPU
		{BD4EA255-9B2F-46DF-A558-7BE352314F63}.Debug|Any CPU.ActiveCfg = Debug|Any CPU
		{BD4EA255-9B2F-46DF-A558-7BE352314F63}.Debug|Any CPU.Build.0 = Debug|Any CPU
		{BD4EA255-9B2F-46DF-A558-7BE352314F63}.Release|Any CPU.ActiveCfg = Release|Any CPU
		{BD4EA255-9B2F-46DF-A558-7BE352314F63}.Release|Any CPU.Build.0 = Release|Any CPU
	EndGlobalSection
	GlobalSection(SolutionProperties) = preSolution
		HideSolutionNode = FALSE
	EndGlobalSection
	GlobalSection(ExtensibilityGlobals) = postSolution
		SolutionGuid = {3DB021C8-B7C1-481E-AB4D-FD5950B9B0EE}
	EndGlobalSection
EndGlobal
